// !$*UTF8*$!
{
	archiveVersion = 1;
	classes = {
	};
	objectVersion = 56;
	objects = {

/* Begin PBXBuildFile section */
		DBDB7D0D2B1F969200B0CA42 /* WeatherApp_NagakumarApp.swift in Sources */ = {isa = PBXBuildFile; fileRef = DBDB7D0C2B1F969200B0CA42 /* WeatherApp_NagakumarApp.swift */; };
		DBDB7D112B1F969300B0CA42 /* Assets.xcassets in Resources */ = {isa = PBXBuildFile; fileRef = DBDB7D102B1F969300B0CA42 /* Assets.xcassets */; };
		DBDB7D142B1F969300B0CA42 /* Preview Assets.xcassets in Resources */ = {isa = PBXBuildFile; fileRef = DBDB7D132B1F969300B0CA42 /* Preview Assets.xcassets */; };
		DBDB7D1B2B1F96D400B0CA42 /* ContentView.swift in Sources */ = {isa = PBXBuildFile; fileRef = DBDB7D1A2B1F96D400B0CA42 /* ContentView.swift */; };
		DBDB7D1D2B1F96E000B0CA42 /* LoadingView.swift in Sources */ = {isa = PBXBuildFile; fileRef = DBDB7D1C2B1F96E000B0CA42 /* LoadingView.swift */; };
		DBDB7D212B1F970E00B0CA42 /* CLLocationManager.swift in Sources */ = {isa = PBXBuildFile; fileRef = DBDB7D202B1F970E00B0CA42 /* CLLocationManager.swift */; };
		DBDB7D232B1F971400B0CA42 /* ServiceLayer.swift in Sources */ = {isa = PBXBuildFile; fileRef = DBDB7D222B1F971400B0CA42 /* ServiceLayer.swift */; };
/* End PBXBuildFile section */

/* Begin PBXFileReference section */
		DBDB7D092B1F969200B0CA42 /* WeatherApp-Nagakumar.app */ = {isa = PBXFileReference; explicitFileType = wrapper.application; includeInIndex = 0; path = "WeatherApp-Nagakumar.app"; sourceTree = BUILT_PRODUCTS_DIR; };
		DBDB7D0C2B1F969200B0CA42 /* WeatherApp_NagakumarApp.swift */ = {isa = PBXFileReference; lastKnownFileType = sourcecode.swift; path = WeatherApp_NagakumarApp.swift; sourceTree = "<group>"; };
		DBDB7D102B1F969300B0CA42 /* Assets.xcassets */ = {isa = PBXFileReference; lastKnownFileType = folder.assetcatalog; path = Assets.xcassets; sourceTree = "<group>"; };
		DBDB7D132B1F969300B0CA42 /* Preview Assets.xcassets */ = {isa = PBXFileReference; lastKnownFileType = folder.assetcatalog; path = "Preview Assets.xcassets"; sourceTree = "<group>"; };
		DBDB7D1A2B1F96D400B0CA42 /* ContentView.swift */ = {isa = PBXFileReference; fileEncoding = 4; lastKnownFileType = sourcecode.swift; path = ContentView.swift; sourceTree = "<group>"; };
		DBDB7D1C2B1F96E000B0CA42 /* LoadingView.swift */ = {isa = PBXFileReference; fileEncoding = 4; lastKnownFileType = sourcecode.swift; path = LoadingView.swift; sourceTree = "<group>"; };
		DBDB7D202B1F970E00B0CA42 /* CLLocationManager.swift */ = {isa = PBXFileReference; fileEncoding = 4; lastKnownFileType = sourcecode.swift; path = CLLocationManager.swift; sourceTree = "<group>"; };
		DBDB7D222B1F971400B0CA42 /* ServiceLayer.swift */ = {isa = PBXFileReference; fileEncoding = 4; lastKnownFileType = sourcecode.swift; path = ServiceLayer.swift; sourceTree = "<group>"; };
/* End PBXFileReference section */

/* Begin PBXFrameworksBuildPhase section */
		DBDB7D062B1F969200B0CA42 /* Frameworks */ = {
			isa = PBXFrameworksBuildPhase;
			buildActionMask = 2147483647;
			files = (
			);
			runOnlyForDeploymentPostprocessing = 0;
		};
/* End PBXFrameworksBuildPhase section */

/* Begin PBXGroup section */
		DBDB7D002B1F969200B0CA42 = {
			isa = PBXGroup;
			children = (
				DBDB7D0B2B1F969200B0CA42 /* WeatherApp-Nagakumar */,
				DBDB7D0A2B1F969200B0CA42 /* Products */,
			);
			sourceTree = "<group>";
		};
		DBDB7D0A2B1F969200B0CA42 /* Products */ = {
			isa = PBXGroup;
			children = (
				DBDB7D092B1F969200B0CA42 /* WeatherApp-Nagakumar.app */,
			);
			name = Products;
			sourceTree = "<group>";
		};
		DBDB7D0B2B1F969200B0CA42 /* WeatherApp-Nagakumar */ = {
			isa = PBXGroup;
			children = (
				DBDB7D1F2B1F96FB00B0CA42 /* Managers */,
				DBDB7D1E2B1F96EC00B0CA42 /* Views */,
				DBDB7D102B1F969300B0CA42 /* Assets.xcassets */,
				DBDB7D122B1F969300B0CA42 /* Preview Content */,
			);
			path = "WeatherApp-Nagakumar";
			sourceTree = "<group>";
		};
		DBDB7D122B1F969300B0CA42 /* Preview Content */ = {
			isa = PBXGroup;
			children = (
				DBDB7D132B1F969300B0CA42 /* Preview Assets.xcassets */,
			);
			path = "Preview Content";
			sourceTree = "<group>";
		};
		DBDB7D1E2B1F96EC00B0CA42 /* Views */ = {
			isa = PBXGroup;
			children = (
				DBDB7D1A2B1F96D400B0CA42 /* ContentView.swift */,
				DBDB7D1C2B1F96E000B0CA42 /* LoadingView.swift */,
				DBDB7D0C2B1F969200B0CA42 /* WeatherApp_NagakumarApp.swift */,
			);
			path = Views;
			sourceTree = "<group>";
		};
		DBDB7D1F2B1F96FB00B0CA42 /* Managers */ = {
			isa = PBXGroup;
			children = (
				DBDB7D222B1F971400B0CA42 /* ServiceLayer.swift */,
				DBDB7D202B1F970E00B0CA42 /* CLLocationManager.swift */,
			);
			path = Managers;
			sourceTree = "<group>";
		};
/* End PBXGroup section */

/* Begin PBXNativeTarget section */
		DBDB7D082B1F969200B0CA42 /* WeatherApp-Nagakumar */ = {
			isa = PBXNativeTarget;
			buildConfigurationList = DBDB7D172B1F969300B0CA42 /* Build configuration list for PBXNativeTarget "WeatherApp-Nagakumar" */;
			buildPhases = (
				DBDB7D052B1F969200B0CA42 /* Sources */,
				DBDB7D062B1F969200B0CA42 /* Frameworks */,
				DBDB7D072B1F969200B0CA42 /* Resources */,
			);
			buildRules = (
			);
			dependencies = (
			);
			name = "WeatherApp-Nagakumar";
			productName = "WeatherApp-Nagakumar";
			productReference = DBDB7D092B1F969200B0CA42 /* WeatherApp-Nagakumar.app */;
			productType = "com.apple.product-type.application";
		};
/* End PBXNativeTarget section */

/* Begin PBXProject section */
		DBDB7D012B1F969200B0CA42 /* Project object */ = {
			isa = PBXProject;
			attributes = {
				BuildIndependentTargetsInParallel = 1;
				LastSwiftUpdateCheck = 1420;
				LastUpgradeCheck = 1420;
				TargetAttributes = {
					DBDB7D082B1F969200B0CA42 = {
						CreatedOnToolsVersion = 14.2;
					};
				};
			};
			buildConfigurationList = DBDB7D042B1F969200B0CA42 /* Build configuration list for PBXProject "WeatherApp-Nagakumar" */;
			compatibilityVersion = "Xcode 14.0";
			developmentRegion = en;
			hasScannedForEncodings = 0;
			knownRegions = (
				en,
				Base,
			);
			mainGroup = DBDB7D002B1F969200B0CA42;
			productRefGroup = DBDB7D0A2B1F969200B0CA42 /* Products */;
			projectDirPath = "";
			projectRoot = "";
			targets = (
				DBDB7D082B1F969200B0CA42 /* WeatherApp-Nagakumar */,
			);
		};
/* End PBXProject section */

/* Begin PBXResourcesBuildPhase section */
		DBDB7D072B1F969200B0CA42 /* Resources */ = {
			isa = PBXResourcesBuildPhase;
			buildActionMask = 2147483647;
			files = (
				DBDB7D142B1F969300B0CA42 /* Preview Assets.xcassets in Resources */,
				DBDB7D112B1F969300B0CA42 /* Assets.xcassets in Resources */,
			);
			runOnlyForDeploymentPostprocessing = 0;
		};
/* End PBXResourcesBuildPhase section */

/* Begin PBXSourcesBuildPhase section */
		DBDB7D052B1F969200B0CA42 /* Sources */ = {
			isa = PBXSourcesBuildPhase;
			buildActionMask = 2147483647;
			files = (
				DBDB7D232B1F971400B0CA42 /* ServiceLayer.swift in Sources */,
				DBDB7D1B2B1F96D400B0CA42 /* ContentView.swift in Sources */,
				DBDB7D212B1F970E00B0CA42 /* CLLocationManager.swift in Sources */,
				DBDB7D0D2B1F969200B0CA42 /* WeatherApp_NagakumarApp.swift in Sources */,
				DBDB7D1D2B1F96E000B0CA42 /* LoadingView.swift in Sources */,
			);
			runOnlyForDeploymentPostprocessing = 0;
		};
/* End PBXSourcesBuildPhase section */

/* Begin XCBuildConfiguration section */
		DBDB7D152B1F969300B0CA42 /* Debug */ = {
			isa = XCBuildConfiguration;
			buildSettings = {
				ALWAYS_SEARCH_USER_PATHS = NO;
				CLANG_ANALYZER_NONNULL = YES;
				CLANG_ANALYZER_NUMBER_OBJECT_CONVERSION = YES_AGGRESSIVE;
				CLANG_CXX_LANGUAGE_STANDARD = "gnu++20";
				CLANG_ENABLE_MODULES = YES;
				CLANG_ENABLE_OBJC_ARC = YES;
				CLANG_ENABLE_OBJC_WEAK = YES;
				CLANG_WARN_BLOCK_CAPTURE_AUTORELEASING = YES;
				CLANG_WARN_BOOL_CONVERSION = YES;
				CLANG_WARN_COMMA = YES;
				CLANG_WARN_CONSTANT_CONVERSION = YES;
				CLANG_WARN_DEPRECATED_OBJC_IMPLEMENTATIONS = YES;
				CLANG_WARN_DIRECT_OBJC_ISA_USAGE = YES_ERROR;
				CLANG_WARN_DOCUMENTATION_COMMENTS = YES;
				CLANG_WARN_EMPTY_BODY = YES;
				CLANG_WARN_ENUM_CONVERSION = YES;
				CLANG_WARN_INFINITE_RECURSION = YES;
				CLANG_WARN_INT_CONVERSION = YES;
				CLANG_WARN_NON_LITERAL_NULL_CONVERSION = YES;
				CLANG_WARN_OBJC_IMPLICIT_RETAIN_SELF = YES;
				CLANG_WARN_OBJC_LITERAL_CONVERSION = YES;
				CLANG_WARN_OBJC_ROOT_CLASS = YES_ERROR;
				CLANG_WARN_QUOTED_INCLUDE_IN_FRAMEWORK_HEADER = YES;
				CLANG_WARN_RANGE_LOOP_ANALYSIS = YES;
				CLANG_WARN_STRICT_PROTOTYPES = YES;
				CLANG_WARN_SUSPICIOUS_MOVE = YES;
				CLANG_WARN_UNGUARDED_AVAILABILITY = YES_AGGRESSIVE;
				CLANG_WARN_UNREACHABLE_CODE = YES;
				CLANG_WARN__DUPLICATE_METHOD_MATCH = YES;
				COPY_PHASE_STRIP = NO;
				DEBUG_INFORMATION_FORMAT = dwarf;
				ENABLE_STRICT_OBJC_MSGSEND = YES;
				ENABLE_TESTABILITY = YES;
				GCC_C_LANGUAGE_STANDARD = gnu11;
				GCC_DYNAMIC_NO_PIC = NO;
				GCC_NO_COMMON_BLOCKS = YES;
				GCC_OPTIMIZATION_LEVEL = 0;
				GCC_PREPROCESSOR_DEFINITIONS = (
					"DEBUG=1",
					"$(inherited)",
				);
				GCC_WARN_64_TO_32_BIT_CONVERSION = YES;
				GCC_WARN_ABOUT_RETURN_TYPE = YES_ERROR;
				GCC_WARN_UNDECLARED_SELECTOR = YES;
				GCC_WARN_UNINITIALIZED_AUTOS = YES_AGGRESSIVE;
				GCC_WARN_UNUSED_FUNCTION = YES;
				GCC_WARN_UNUSED_VARIABLE = YES;
				IPHONEOS_DEPLOYMENT_TARGET = 16.2;
				MTL_ENABLE_DEBUG_INFO = INCLUDE_SOURCE;
				MTL_FAST_MATH = YES;
				ONLY_ACTIVE_ARCH = YES;
				SDKROOT = iphoneos;
				SWIFT_ACTIVE_COMPILATION_CONDITIONS = DEBUG;
				SWIFT_OPTIMIZATION_LEVEL = "-Onone";
			};
			name = Debug;
		};
		DBDB7D162B1F969300B0CA42 /* Release */ = {
			isa = XCBuildConfiguration;
			buildSettings = {
				ALWAYS_SEARCH_USER_PATHS = NO;
				CLANG_ANALYZER_NONNULL = YES;
				CLANG_ANALYZER_NUMBER_OBJECT_CONVERSION = YES_AGGRESSIVE;
				CLANG_CXX_LANGUAGE_STANDARD = "gnu++20";
				CLANG_ENABLE_MODULES = YES;
				CLANG_ENABLE_OBJC_ARC = YES;
				CLANG_ENABLE_OBJC_WEAK = YES;
				CLANG_WARN_BLOCK_CAPTURE_AUTORELEASING = YES;
				CLANG_WARN_BOOL_CONVERSION = YES;
				CLANG_WARN_COMMA = YES;
				CLANG_WARN_CONSTANT_CONVERSION = YES;
				CLANG_WARN_DEPRECATED_OBJC_IMPLEMENTATIONS = YES;
				CLANG_WARN_DIRECT_OBJC_ISA_USAGE = YES_ERROR;
				CLANG_WARN_DOCUMENTATION_COMMENTS = YES;
				CLANG_WARN_EMPTY_BODY = YES;
				CLANG_WARN_ENUM_CONVERSION = YES;
				CLANG_WARN_INFINITE_RECURSION = YES;
				CLANG_WARN_INT_CONVERSION = YES;
				CLANG_WARN_NON_LITERAL_NULL_CONVERSION = YES;
				CLANG_WARN_OBJC_IMPLICIT_RETAIN_SELF = YES;
				CLANG_WARN_OBJC_LITERAL_CONVERSION = YES;
				CLANG_WARN_OBJC_ROOT_CLASS = YES_ERROR;
				CLANG_WARN_QUOTED_INCLUDE_IN_FRAMEWORK_HEADER = YES;
				CLANG_WARN_RANGE_LOOP_ANALYSIS = YES;
				CLANG_WARN_STRICT_PROTOTYPES = YES;
				CLANG_WARN_SUSPICIOUS_MOVE = YES;
				CLANG_WARN_UNGUARDED_AVAILABILITY = YES_AGGRESSIVE;
				CLANG_WARN_UNREACHABLE_CODE = YES;
				CLANG_WARN__DUPLICATE_METHOD_MATCH = YES;
				COPY_PHASE_STRIP = NO;
				DEBUG_INFORMATION_FORMAT = "dwarf-with-dsym";
				ENABLE_NS_ASSERTIONS = NO;
				ENABLE_STRICT_OBJC_MSGSEND = YES;
				GCC_C_LANGUAGE_STANDARD = gnu11;
				GCC_NO_COMMON_BLOCKS = YES;
				GCC_WARN_64_TO_32_BIT_CONVERSION = YES;
				GCC_WARN_ABOUT_RETURN_TYPE = YES_ERROR;
				GCC_WARN_UNDECLARED_SELECTOR = YES;
				GCC_WARN_UNINITIALIZED_AUTOS = YES_AGGRESSIVE;
				GCC_WARN_UNUSED_FUNCTION = YES;
				GCC_WARN_UNUSED_VARIABLE = YES;
				IPHONEOS_DEPLOYMENT_TARGET = 16.2;
				MTL_ENABLE_DEBUG_INFO = NO;
				MTL_FAST_MATH = YES;
				SDKROOT = iphoneos;
				SWIFT_COMPILATION_MODE = wholemodule;
				SWIFT_OPTIMIZATION_LEVEL = "-O";
				VALIDATE_PRODUCT = YES;
			};
			name = Release;
		};
		DBDB7D182B1F969300B0CA42 /* Debug */ = {
			isa = XCBuildConfiguration;
			buildSettings = {
				ASSETCATALOG_COMPILER_APPICON_NAME = AppIcon;
				ASSETCATALOG_COMPILER_GLOBAL_ACCENT_COLOR_NAME = AccentColor;
				CODE_SIGN_STYLE = Automatic;
				CURRENT_PROJECT_VERSION = 1;
				DEVELOPMENT_ASSET_PATHS = "\"WeatherApp-Nagakumar/Preview Content\"";
				ENABLE_PREVIEWS = YES;
				GENERATE_INFOPLIST_FILE = YES;
				INFOPLIST_KEY_UIApplicationSceneManifest_Generation = YES;
				INFOPLIST_KEY_UIApplicationSupportsIndirectInputEvents = YES;
				INFOPLIST_KEY_UILaunchScreen_Generation = YES;
				INFOPLIST_KEY_UISupportedInterfaceOrientations_iPad = "UIInterfaceOrientationPortrait UIInterfaceOrientationPortraitUpsideDown UIInterfaceOrientationLandscapeLeft UIInterfaceOrientationLandscapeRight";
				INFOPLIST_KEY_UISupportedInterfaceOrientations_iPhone = "UIInterfaceOrientationPortrait UIInterfaceOrientationLandscapeLeft UIInterfaceOrientationLandscapeRight";
				LD_RUNPATH_SEARCH_PATHS = (
					"$(inherited)",
					"@executable_path/Frameworks",
				);
				MARKETING_VERSION = 1.0;
				PRODUCT_BUNDLE_IDENTIFIER = "com.vknk.practice.WeatherApp-Nagakumar";
				PRODUCT_NAME = "$(TARGET_NAME)";
				SWIFT_EMIT_LOC_STRINGS = YES;
				SWIFT_VERSION = 5.0;
				TARGETED_DEVICE_FAMILY = "1,2";
			};
			name = Debug;
		};
		DBDB7D192B1F969300B0CA42 /* Release */ = {
			isa = XCBuildConfiguration;
			buildSettings = {
				ASSETCATALOG_COMPILER_APPICON_NAME = AppIcon;
				ASSETCATALOG_COMPILER_GLOBAL_ACCENT_COLOR_NAME = AccentColor;
				CODE_SIGN_STYLE = Automatic;
				CURRENT_PROJECT_VERSION = 1;
				DEVELOPMENT_ASSET_PATHS = "\"WeatherApp-Nagakumar/Preview Content\"";
				ENABLE_PREVIEWS = YES;
				GENERATE_INFOPLIST_FILE = YES;
				INFOPLIST_KEY_UIApplicationSceneManifest_Generation = YES;
				INFOPLIST_KEY_UIApplicationSupportsIndirectInputEvents = YES;
				INFOPLIST_KEY_UILaunchScreen_Generation = YES;
				INFOPLIST_KEY_UISupportedInterfaceOrientations_iPad = "UIInterfaceOrientationPortrait UIInterfaceOrientationPortraitUpsideDown UIInterfaceOrientationLandscapeLeft UIInterfaceOrientationLandscapeRight";
				INFOPLIST_KEY_UISupportedInterfaceOrientations_iPhone = "UIInterfaceOrientationPortrait UIInterfaceOrientationLandscapeLeft UIInterfaceOrientationLandscapeRight";
				LD_RUNPATH_SEARCH_PATHS = (
					"$(inherited)",
					"@executable_path/Frameworks",
				);
				MARKETING_VERSION = 1.0;
				PRODUCT_BUNDLE_IDENTIFIER = "com.vknk.practice.WeatherApp-Nagakumar";
				PRODUCT_NAME = "$(TARGET_NAME)";
				SWIFT_EMIT_LOC_STRINGS = YES;
				SWIFT_VERSION = 5.0;
				TARGETED_DEVICE_FAMILY = "1,2";
			};
			name = Release;
		};
/* End XCBuildConfiguration section */

/* Begin XCConfigurationList section */
		DBDB7D042B1F969200B0CA42 /* Build configuration list for PBXProject "WeatherApp-Nagakumar" */ = {
			isa = XCConfigurationList;
			buildConfigurations = (
				DBDB7D152B1F969300B0CA42 /* Debug */,
				DBDB7D162B1F969300B0CA42 /* Release */,
			);
			defaultConfigurationIsVisible = 0;
			defaultConfigurationName = Release;
		};
		DBDB7D172B1F969300B0CA42 /* Build configuration list for PBXNativeTarget "WeatherApp-Nagakumar" */ = {
			isa = XCConfigurationList;
			buildConfigurations = (
				DBDB7D182B1F969300B0CA42 /* Debug */,
				DBDB7D192B1F969300B0CA42 /* Release */,
			);
			defaultConfigurationIsVisible = 0;
			defaultConfigurationName = Release;
		};
/* End XCConfigurationList section */
	};
	rootObject = DBDB7D012B1F969200B0CA42 /* Project object */;
}
